
Microsoft Visual Studio Solution File, Format Version 12.00
# Visual Studio Version 17
VisualStudioVersion = 17.9.34728.123
MinimumVisualStudioVersion = 10.0.40219.1
Project("{FAE04EC0-301F-11D3-BF4B-00C04F79EFBC}") = "Calculadora", "Calculadora.csproj", "{A435CCDF-D5C4-479A-A8FC-7DB774314099}"
EndProject
Global
	GlobalSection(SolutionConfigurationPlatforms) = preSolution
		Debug|Any CPU = Debug|Any CPU
		Release|Any CPU = Release|Any CPU
	EndGlobalSection
	GlobalSection(ProjectConfigurationPlatforms) = postSolution
		{A435CCDF-D5C4-479A-A8FC-7DB774314099}.Debug|Any CPU.ActiveCfg = Debug|Any CPU
		{A435CCDF-D5C4-479A-A8FC-7DB774314099}.Debug|Any CPU.Build.0 = Debug|Any CPU
		{A435CCDF-D5C4-479A-A8FC-7DB774314099}.Release|Any CPU.ActiveCfg = Release|Any CPU
		{A435CCDF-D5C4-479A-A8FC-7DB774314099}.Release|Any CPU.Build.0 = Release|Any CPU
	EndGlobalSection
	GlobalSection(SolutionProperties) = preSolution
		HideSolutionNode = FALSE
	EndGlobalSection
	GlobalSection(ExtensibilityGlobals) = postSolution
		SolutionGuid = {FB984468-F005-472F-8B10-CBBC5EB880A5}
	EndGlobalSection
EndGlobal
